Microsoft Visual Studio Solution File, Format Version 9.00
# Visual Studio 2005
Project("{2150E333-8FDC-42A3-9474-1A3956D46DE8}") = "(client)", "..\..\..\..\client", "{B05EE866-7301-8A46-8A8A-F9CEB18B6208}"
EndProject
Project("{2150E333-8FDC-42A3-9474-1A3956D46DE8}") = "(common)", "..\..\..\..\common", "{86DDC42D-492A-B7E2-29A9-DBF1D1AEDD7A}"
EndProject
Project("{2150E333-8FDC-42A3-9474-1A3956D46DE8}") = "(unittests)", "..\..\..\..\client\windows\unittests", "{42E42CDA-5FD3-9BC1-D8FF-44951E05E4D9}"
EndProject
Project("{2150E333-8FDC-42A3-9474-1A3956D46DE8}") = "(windows)", "..\..\..\..\common\windows", "{33970CEB-6F70-7C5A-FAD3-E46F8BC37A5C}"
EndProject
Project("{2150E333-8FDC-42A3-9474-1A3956D46DE8}") = "(windows)", "..\..\..\..\client\windows", "{96CB0F4F-A2EB-195A-B0B1-E4F2A2F4C03D}"
EndProject
Project("{8BC9CEB8-8B4A-11D0-8D11-00A0C91BC942}") = "common_windows_lib", "common_windows_lib.vcproj", "{70FEF382-52CE-A572-3326-2DBF608EAE15}"
	ProjectSection(ProjectDependencies) = postProject
		{D31F40A6-36AF-2249-39FD-2496F2AAEBC8} = {D31F40A6-36AF-2249-39FD-2496F2AAEBC8}
	EndProjectSection
EndProject
Project("{8BC9CEB8-8B4A-11D0-8D11-00A0C91BC942}") = "common_windows_unittests", "common_windows_unittests.vcproj", "{A55E3ACE-8E40-386B-1961-54A36484111E}"
	ProjectSection(ProjectDependencies) = postProject
		{76B7E885-3125-EBDD-F5CA-0FBF4ACDB2E6} = {76B7E885-3125-EBDD-F5CA-0FBF4ACDB2E6}
		{59590BBE-A499-0BFC-24E9-28E7CD70A581} = {59590BBE-A499-0BFC-24E9-28E7CD70A581}
		{70FEF382-52CE-A572-3326-2DBF608EAE15} = {70FEF382-52CE-A572-3326-2DBF608EAE15}
		{D31F40A6-36AF-2249-39FD-2496F2AAEBC8} = {D31F40A6-36AF-2249-39FD-2496F2AAEBC8}
	EndProjectSection
EndProject
Project("{8BC9CEB8-8B4A-11D0-8D11-00A0C91BC942}") = "dia_sdk", "dia_sdk.vcproj", "{D31F40A6-36AF-2249-39FD-2496F2AAEBC8}"
EndProject
Project("{8BC9CEB8-8B4A-11D0-8D11-00A0C91BC942}") = "gmock", "..\..\client\windows\unittests\gmock.vcproj", "{76B7E885-3125-EBDD-F5CA-0FBF4ACDB2E6}"
EndProject
Project("{8BC9CEB8-8B4A-11D0-8D11-00A0C91BC942}") = "gtest", "..\..\client\windows\unittests\gtest.vcproj", "{59590BBE-A499-0BFC-24E9-28E7CD70A581}"
EndProject
Global
	GlobalSection(SolutionConfigurationPlatforms) = preSolution
		Debug|Win32 = Debug|Win32
		Debug|x64 = Debug|x64
		Purify|Win32 = Purify|Win32
		Purify|x64 = Purify|x64
		Release|x64 = Release|x64
		Release|Win32 = Release|Win32
	EndGlobalSection
	GlobalSection(ProjectConfigurationPlatforms) = postSolution
		{59590BBE-A499-0BFC-24E9-28E7CD70A581}.Debug|Win32.ActiveCfg = Debug|Win32
		{59590BBE-A499-0BFC-24E9-28E7CD70A581}.Debug|Win32.Build.0 = Debug|Win32
		{59590BBE-A499-0BFC-24E9-28E7CD70A581}.Debug|x64.ActiveCfg = Debug|x64
		{59590BBE-A499-0BFC-24E9-28E7CD70A581}.Debug|x64.Build.0 = Debug|x64
		{59590BBE-A499-0BFC-24E9-28E7CD70A581}.Purify|Win32.ActiveCfg = Purify|Win32
		{59590BBE-A499-0BFC-24E9-28E7CD70A581}.Purify|Win32.Build.0 = Purify|Win32
		{59590BBE-A499-0BFC-24E9-28E7CD70A581}.Purify|x64.ActiveCfg = Purify|x64
		{59590BBE-A499-0BFC-24E9-28E7CD70A581}.Purify|x64.Build.0 = Purify|x64
		{59590BBE-A499-0BFC-24E9-28E7CD70A581}.Release|x64.ActiveCfg = Release|x64
		{59590BBE-A499-0BFC-24E9-28E7CD70A581}.Release|x64.Build.0 = Release|x64
		{59590BBE-A499-0BFC-24E9-28E7CD70A581}.Release|Win32.ActiveCfg = Release|Win32
		{59590BBE-A499-0BFC-24E9-28E7CD70A581}.Release|Win32.Build.0 = Release|Win32
		{70FEF382-52CE-A572-3326-2DBF608EAE15}.Debug|Win32.ActiveCfg = Debug|Win32
		{70FEF382-52CE-A572-3326-2DBF608EAE15}.Debug|Win32.Build.0 = Debug|Win32
		{70FEF382-52CE-A572-3326-2DBF608EAE15}.Debug|x64.ActiveCfg = Debug|x64
		{70FEF382-52CE-A572-3326-2DBF608EAE15}.Debug|x64.Build.0 = Debug|x64
		{70FEF382-52CE-A572-3326-2DBF608EAE15}.Purify|Win32.ActiveCfg = Purify|Win32
		{70FEF382-52CE-A572-3326-2DBF608EAE15}.Purify|Win32.Build.0 = Purify|Win32
		{70FEF382-52CE-A572-3326-2DBF608EAE15}.Purify|x64.ActiveCfg = Purify|x64
		{70FEF382-52CE-A572-3326-2DBF608EAE15}.Purify|x64.Build.0 = Purify|x64
		{70FEF382-52CE-A572-3326-2DBF608EAE15}.Release|x64.ActiveCfg = Release|x64
		{70FEF382-52CE-A572-3326-2DBF608EAE15}.Release|x64.Build.0 = Release|x64
		{70FEF382-52CE-A572-3326-2DBF608EAE15}.Release|Win32.ActiveCfg = Release|Win32
		{70FEF382-52CE-A572-3326-2DBF608EAE15}.Release|Win32.Build.0 = Release|Win32
		{76B7E885-3125-EBDD-F5CA-0FBF4ACDB2E6}.Debug|Win32.ActiveCfg = Debug|Win32
		{76B7E885-3125-EBDD-F5CA-0FBF4ACDB2E6}.Debug|Win32.Build.0 = Debug|Win32
		{76B7E885-3125-EBDD-F5CA-0FBF4ACDB2E6}.Debug|x64.ActiveCfg = Debug|x64
		{76B7E885-3125-EBDD-F5CA-0FBF4ACDB2E6}.Debug|x64.Build.0 = Debug|x64
		{76B7E885-3125-EBDD-F5CA-0FBF4ACDB2E6}.Purify|Win32.ActiveCfg = Purify|Win32
		{76B7E885-3125-EBDD-F5CA-0FBF4ACDB2E6}.Purify|Win32.Build.0 = Purify|Win32
		{76B7E885-3125-EBDD-F5CA-0FBF4ACDB2E6}.Purify|x64.ActiveCfg = Purify|x64
		{76B7E885-3125-EBDD-F5CA-0FBF4ACDB2E6}.Purify|x64.Build.0 = Purify|x64
		{76B7E885-3125-EBDD-F5CA-0FBF4ACDB2E6}.Release|x64.ActiveCfg = Release|x64
		{76B7E885-3125-EBDD-F5CA-0FBF4ACDB2E6}.Release|x64.Build.0 = Release|x64
		{76B7E885-3125-EBDD-F5CA-0FBF4ACDB2E6}.Release|Win32.ActiveCfg = Release|Win32
		{76B7E885-3125-EBDD-F5CA-0FBF4ACDB2E6}.Release|Win32.Build.0 = Release|Win32
		{A55E3ACE-8E40-386B-1961-54A36484111E}.Debug|Win32.ActiveCfg = Debug|Win32
		{A55E3ACE-8E40-386B-1961-54A36484111E}.Debug|Win32.Build.0 = Debug|Win32
		{A55E3ACE-8E40-386B-1961-54A36484111E}.Debug|x64.ActiveCfg = Debug|x64
		{A55E3ACE-8E40-386B-1961-54A36484111E}.Debug|x64.Build.0 = Debug|x64
		{A55E3ACE-8E40-386B-1961-54A36484111E}.Purify|Win32.ActiveCfg = Purify|Win32
		{A55E3ACE-8E40-386B-1961-54A36484111E}.Purify|Win32.Build.0 = Purify|Win32
		{A55E3ACE-8E40-386B-1961-54A36484111E}.Purify|x64.ActiveCfg = Purify|x64
		{A55E3ACE-8E40-386B-1961-54A36484111E}.Purify|x64.Build.0 = Purify|x64
		{A55E3ACE-8E40-386B-1961-54A36484111E}.Release|x64.ActiveCfg = Release|x64
		{A55E3ACE-8E40-386B-1961-54A36484111E}.Release|x64.Build.0 = Release|x64
		{A55E3ACE-8E40-386B-1961-54A36484111E}.Release|Win32.ActiveCfg = Release|Win32
		{A55E3ACE-8E40-386B-1961-54A36484111E}.Release|Win32.Build.0 = Release|Win32
		{D31F40A6-36AF-2249-39FD-2496F2AAEBC8}.Debug|Win32.ActiveCfg = Debug|Win32
		{D31F40A6-36AF-2249-39FD-2496F2AAEBC8}.Debug|Win32.Build.0 = Debug|Win32
		{D31F40A6-36AF-2249-39FD-2496F2AAEBC8}.Debug|x64.ActiveCfg = Debug|x64
		{D31F40A6-36AF-2249-39FD-2496F2AAEBC8}.Debug|x64.Build.0 = Debug|x64
		{D31F40A6-36AF-2249-39FD-2496F2AAEBC8}.Purify|Win32.ActiveCfg = Purify|Win32
		{D31F40A6-36AF-2249-39FD-2496F2AAEBC8}.Purify|Win32.Build.0 = Purify|Win32
		{D31F40A6-36AF-2249-39FD-2496F2AAEBC8}.Purify|x64.ActiveCfg = Purify|x64
		{D31F40A6-36AF-2249-39FD-2496F2AAEBC8}.Purify|x64.Build.0 = Purify|x64
		{D31F40A6-36AF-2249-39FD-2496F2AAEBC8}.Release|x64.ActiveCfg = Release|x64
		{D31F40A6-36AF-2249-39FD-2496F2AAEBC8}.Release|x64.Build.0 = Release|x64
		{D31F40A6-36AF-2249-39FD-2496F2AAEBC8}.Release|Win32.ActiveCfg = Release|Win32
		{D31F40A6-36AF-2249-39FD-2496F2AAEBC8}.Release|Win32.Build.0 = Release|Win32
	EndGlobalSection
	GlobalSection(SolutionProperties) = preSolution
		HideSolutionNode = FALSE
	EndGlobalSection
	GlobalSection(NestedProjects) = preSolution
		{96CB0F4F-A2EB-195A-B0B1-E4F2A2F4C03D} = {B05EE866-7301-8A46-8A8A-F9CEB18B6208}
		{33970CEB-6F70-7C5A-FAD3-E46F8BC37A5C} = {86DDC42D-492A-B7E2-29A9-DBF1D1AEDD7A}
		{76B7E885-3125-EBDD-F5CA-0FBF4ACDB2E6} = {42E42CDA-5FD3-9BC1-D8FF-44951E05E4D9}
		{59590BBE-A499-0BFC-24E9-28E7CD70A581} = {42E42CDA-5FD3-9BC1-D8FF-44951E05E4D9}
		{70FEF382-52CE-A572-3326-2DBF608EAE15} = {33970CEB-6F70-7C5A-FAD3-E46F8BC37A5C}
		{A55E3ACE-8E40-386B-1961-54A36484111E} = {33970CEB-6F70-7C5A-FAD3-E46F8BC37A5C}
		{D31F40A6-36AF-2249-39FD-2496F2AAEBC8} = {33970CEB-6F70-7C5A-FAD3-E46F8BC37A5C}
		{42E42CDA-5FD3-9BC1-D8FF-44951E05E4D9} = {96CB0F4F-A2EB-195A-B0B1-E4F2A2F4C03D}
	EndGlobalSection
EndGlobal
